{
  "version": 4,
  "terraform_version": "1.7.5",
  "serial": 3,
  "lineage": "2677de18-6655-9650-5abc-73fb41df415a",
  "outputs": {},
  "resources": [
    {
      "module": "module.docker_swarm[0]",
      "mode": "managed",
      "type": "proxmox_vm_qemu",
      "name": "docker_manager",
      "provider": "provider[\"registry.terraform.io/telmate/proxmox\"]",
      "instances": [
        {
          "index_key": 0,
          "status": "tainted",
          "schema_version": 0,
          "attributes": {
            "additional_wait": 0,
            "agent": 1,
            "args": null,
            "automatic_reboot": true,
            "balloon": 0,
            "bios": "seabios",
            "boot": "c",
            "bootdisk": "scsi0",
            "bridge": null,
            "ci_wait": null,
            "cicustom": null,
            "cipassword": null,
            "ciuser": null,
            "clone": "jammy-tpl",
            "clone_wait": 0,
            "cloudinit_cdrom_storage": null,
            "cores": 4,
            "cpu": "host",
            "default_ipv4_address": null,
            "define_connection_info": true,
            "desc": null,
            "disk": [
              {
                "aio": "",
                "backup": 0,
                "cache": "none",
                "discard": "",
                "file": "",
                "format": "",
                "iothread": 1,
                "mbps": 0,
                "mbps_rd": 0,
                "mbps_rd_max": 0,
                "mbps_wr": 0,
                "mbps_wr_max": 0,
                "media": "",
                "replicate": 0,
                "size": "64G",
                "slot": 0,
                "ssd": 0,
                "storage": "local-lvm",
                "storage_type": "",
                "type": "scsi",
                "volume": ""
              },
              {
                "aio": "",
                "backup": 0,
                "cache": "none",
                "discard": "",
                "file": "",
                "format": "",
                "iothread": 1,
                "mbps": 0,
                "mbps_rd": 0,
                "mbps_rd_max": 0,
                "mbps_wr": 0,
                "mbps_wr_max": 0,
                "media": "",
                "replicate": 0,
                "size": "16G",
                "slot": 1,
                "ssd": 0,
                "storage": "fast",
                "storage_type": "",
                "type": "scsi",
                "volume": ""
              }
            ],
            "disk_gb": null,
            "force_create": false,
            "force_recreate_on_change_of": null,
            "full_clone": true,
            "guest_agent_ready_timeout": 100,
            "hagroup": null,
            "hastate": null,
            "hotplug": "network,disk,usb",
            "id": "FR-VH-02/qemu/18001",
            "ipconfig0": "ip=10.2.21.120/24,gw=192.168.0.1",
            "ipconfig1": "ip=10.2.21.120/24",
            "ipconfig2": null,
            "ipconfig3": null,
            "ipconfig4": null,
            "ipconfig5": null,
            "iso": null,
            "kvm": true,
            "mac": null,
            "memory": 4096,
            "name": "tf-u2004-docker-manager1",
            "nameserver": null,
            "network": [
              {
                "bridge": "vmbr0",
                "firewall": false,
                "link_down": false,
                "macaddr": "",
                "model": "virtio",
                "mtu": 0,
                "queues": 0,
                "rate": 0,
                "tag": -1
              },
              {
                "bridge": "vmbr1",
                "firewall": false,
                "link_down": false,
                "macaddr": "",
                "model": "virtio",
                "mtu": 0,
                "queues": 0,
                "rate": 0,
                "tag": -1
              }
            ],
            "nic": null,
            "numa": false,
            "onboot": true,
            "oncreate": true,
            "os_network_config": null,
            "os_type": "cloud-init",
            "pool": null,
            "preprovision": true,
            "pxe": null,
            "qemu_os": null,
            "reboot_required": null,
            "scsihw": "virtio-scsi-pci",
            "searchdomain": null,
            "serial": [],
            "sockets": 1,
            "ssh_forward_ip": null,
            "ssh_host": null,
            "ssh_port": null,
            "ssh_private_key": null,
            "ssh_user": null,
            "sshkeys": "  ssh-rsa AAAAB3NzaC1yc2EAAAADAQABAAACAQC0zKSLpmeAS1dzOyavhXGCCLV167I5GmyagTmxAcw2yhnNhpfdiHJLvf1988uqa4CB9RCNLdTYH33JOlVrapcZOgnVniXBUgJeMjITcxWLU5oTZr1dH+qtogGYOYGgkKaJZ4PP0tO/K3m7YeuA9Lyc+5VZonPkkQOTfhfebeL5uKn+13Lq/eHcaAjz2mQXv/c2npXHWxPud5JIAjcfLSbg2ze/7aUtvnXAFly7MSrsubMkmUA4ursFTBCFuWlvy3qHwk409AHMGWOz+/YyKO4pFmoBxWnlMOck0Ni3ntlkGNV7oOenFIE/LuPVUeg0vUkREw8yK6AvOARJFYX+1+Y7nhUmvATFI291wNt8hd6e1fdi2edwn2O0Yv8sw/j2IuOWC5OcNyYp9kXYQRsArUQjfanFwHBzzyG+5/KwLbUv7+iW2v0J2AVoI3y59uAd3zce8vsfJW0NZgjzGW0fyhbz3F2TBwjwVRZ9+9lY5q8sZPNwg14d/zM3yjShnMEOjblimsrDky/urLwizWVtwJgBepjXs+IO4N7rREAMqbpiH47LH4xclvo5iVcnMP/U+LhUxtmlgrwCOwbBXGsg1266FDnZkQ0W0H9qjZKqc8fSWgl6BKMH6orRPN2XMN4ceU+18Gzdg44JViv6fo8WZISUAfv78na7Xlx/uZJfgPiDbw== hades@ghost-laptop\n\n",
            "storage": null,
            "storage_type": null,
            "tablet": true,
            "tags": null,
            "target_node": "FR-VH-02",
            "timeouts": null,
            "unused_disk": null,
            "usb": [],
            "vcpus": 0,
            "vga": [],
            "vlan": -1,
            "vmid": 18001
          },
          "sensitive_attributes": [],
          "private": "eyJlMmJmYjczMC1lY2FhLTExZTYtOGY4OC0zNDM2M2JjN2M0YzAiOnsiY3JlYXRlIjozMDAwMDAwMDAwMDAsImRlZmF1bHQiOjMwMDAwMDAwMDAwMCwiZGVsZXRlIjoxODAwMDAwMDAwMDAsInJlYWQiOjE4MDAwMDAwMDAwMCwidXBkYXRlIjoxODAwMDAwMDAwMDB9fQ=="
        }
      ]
    }
  ],
  "check_results": null
}
